
Microsoft Visual Studio Solution File, Format Version 12.00
# Visual Studio 2013
VisualStudioVersion = 12.0.21005.1
MinimumVisualStudioVersion = 10.0.40219.1
Project("{2150E333-8FDC-42A3-9474-1A3956D46DE8}") = "Creational", "Creational", "{BF18F808-00E0-4C9D-B24D-BEF02702E199}"
EndProject
Project("{2150E333-8FDC-42A3-9474-1A3956D46DE8}") = "Structural", "Structural", "{6671105D-E43C-48C5-A673-B3AAFA058B84}"
EndProject
Project("{2150E333-8FDC-42A3-9474-1A3956D46DE8}") = "Behavioral", "Behavioral", "{5AB93D98-B828-4EB2-B58E-9C5265C4D8D6}"
EndProject
Project("{FAE04EC0-301F-11D3-BF4B-00C04F79EFBC}") = "Builder", "Creational\Builder\Builder.csproj", "{87113FB0-9BCB-44EF-A013-C0DC63D332FD}"
EndProject
Project("{FAE04EC0-301F-11D3-BF4B-00C04F79EFBC}") = "FactoryMethod", "Creational\FactoryMethod\FactoryMethod.csproj", "{79536F7E-BD2B-42C0-A26F-05F391D7D344}"
EndProject
Project("{FAE04EC0-301F-11D3-BF4B-00C04F79EFBC}") = "Prototype", "Creational\Prototype\Prototype.csproj", "{36073E9F-1BFD-4810-B2BF-60626766302D}"
EndProject
Project("{FAE04EC0-301F-11D3-BF4B-00C04F79EFBC}") = "Singleton", "Creational\Singleton\Singleton.csproj", "{831A6AB5-46C7-4D12-8088-143855E0A68A}"
EndProject
Project("{FAE04EC0-301F-11D3-BF4B-00C04F79EFBC}") = "Adapter", "Structural\Adapter\Adapter.csproj", "{1544FCAD-F136-4730-A995-1151346A01C8}"
EndProject
Project("{FAE04EC0-301F-11D3-BF4B-00C04F79EFBC}") = "Bridge", "Structural\Bridge\Bridge.csproj", "{A7BAE62E-9F59-40BC-ADE3-4FE8FEA9B612}"
EndProject
Project("{FAE04EC0-301F-11D3-BF4B-00C04F79EFBC}") = "Composite", "Structural\Composite\Composite.csproj", "{79079587-7CB2-4643-8527-99BAE37A0407}"
EndProject
Project("{FAE04EC0-301F-11D3-BF4B-00C04F79EFBC}") = "Decorator", "Structural\Decorator\Decorator.csproj", "{CDA23684-B7E0-4D56-BAFD-9CD5C999AEFB}"
EndProject
Project("{FAE04EC0-301F-11D3-BF4B-00C04F79EFBC}") = "Facade", "Structural\Facade\Facade.csproj", "{89CADFE7-06C2-4ED0-9976-AF2B1FA70F90}"
EndProject
Project("{FAE04EC0-301F-11D3-BF4B-00C04F79EFBC}") = "Flyweight", "Structural\Flyweight\Flyweight.csproj", "{5B02A2F6-BC0B-4EBE-A51A-A64846E79B56}"
EndProject
Project("{FAE04EC0-301F-11D3-BF4B-00C04F79EFBC}") = "Observer", "Behavioral\Observer\Observer.csproj", "{917767A9-7720-408F-B80C-1108EBDFEB85}"
EndProject
Project("{FAE04EC0-301F-11D3-BF4B-00C04F79EFBC}") = "Command", "Behavioral\Command\Command.csproj", "{48A98BD6-FC22-4A3D-A322-674C05BB2546}"
EndProject
Project("{FAE04EC0-301F-11D3-BF4B-00C04F79EFBC}") = "ChainOfResponsibility", "Behavioral\ChainOfResponsibility\ChainOfResponsibility.csproj", "{9E920CF0-87B0-4E87-BCBA-8F1A4CCFACCF}"
EndProject
Project("{FAE04EC0-301F-11D3-BF4B-00C04F79EFBC}") = "Mediator", "Behavioral\Mediator\Mediator.csproj", "{D39C3CAA-F247-4A96-890C-E3275296C63E}"
EndProject
Project("{FAE04EC0-301F-11D3-BF4B-00C04F79EFBC}") = "Memento", "Behavioral\Memento\Memento.csproj", "{50D00C0B-A373-4D34-992F-632EE3C75AFE}"
EndProject
Project("{FAE04EC0-301F-11D3-BF4B-00C04F79EFBC}") = "Strategy", "Behavioral\Strategy\Strategy.csproj", "{EF3CC4E8-6C9D-4173-BCCE-C6947180D27D}"
EndProject
Project("{FAE04EC0-301F-11D3-BF4B-00C04F79EFBC}") = "TemplateMethod", "Behavioral\TemplateMethod\TemplateMethod.csproj", "{93AF2519-8F32-4A15-A430-A979A8E0E046}"
EndProject
Project("{FAE04EC0-301F-11D3-BF4B-00C04F79EFBC}") = "State", "Behavioral\State\State.csproj", "{7F7EB567-C2BB-42D0-8146-0A9609EA3A82}"
EndProject
Project("{FAE04EC0-301F-11D3-BF4B-00C04F79EFBC}") = "Interpreter", "Behavioral\Interpreter\Interpreter.csproj", "{4E0050DA-7C6E-4A27-A6EA-F0C349D6DFA8}"
EndProject
Project("{FAE04EC0-301F-11D3-BF4B-00C04F79EFBC}") = "Visitor", "Behavioral\Visitor\Visitor.csproj", "{78842459-2D95-41F8-AEC7-97D1D65604E1}"
EndProject
Project("{FAE04EC0-301F-11D3-BF4B-00C04F79EFBC}") = "Iterator", "Behavioral\Iterator\Iterator.csproj", "{7C2E92FB-0939-487B-8100-228377453EBB}"
EndProject
Project("{FAE04EC0-301F-11D3-BF4B-00C04F79EFBC}") = "AbstractFactory", "Creational\AbstractFactory\AbstractFactory.csproj", "{002C88ED-5512-4AAB-AF32-B5F70C1A6D20}"
EndProject
Project("{FAE04EC0-301F-11D3-BF4B-00C04F79EFBC}") = "Proxy", "Structural\Proxy\Proxy.csproj", "{F75A9C45-851D-4DD5-AF12-28848544A751}"
EndProject
Global
	GlobalSection(SolutionConfigurationPlatforms) = preSolution
		Debug|Any CPU = Debug|Any CPU
		Release|Any CPU = Release|Any CPU
	EndGlobalSection
	GlobalSection(ProjectConfigurationPlatforms) = postSolution
		{87113FB0-9BCB-44EF-A013-C0DC63D332FD}.Debug|Any CPU.ActiveCfg = Debug|Any CPU
		{87113FB0-9BCB-44EF-A013-C0DC63D332FD}.Debug|Any CPU.Build.0 = Debug|Any CPU
		{87113FB0-9BCB-44EF-A013-C0DC63D332FD}.Release|Any CPU.ActiveCfg = Release|Any CPU
		{87113FB0-9BCB-44EF-A013-C0DC63D332FD}.Release|Any CPU.Build.0 = Release|Any CPU
		{79536F7E-BD2B-42C0-A26F-05F391D7D344}.Debug|Any CPU.ActiveCfg = Debug|Any CPU
		{79536F7E-BD2B-42C0-A26F-05F391D7D344}.Debug|Any CPU.Build.0 = Debug|Any CPU
		{79536F7E-BD2B-42C0-A26F-05F391D7D344}.Release|Any CPU.ActiveCfg = Release|Any CPU
		{79536F7E-BD2B-42C0-A26F-05F391D7D344}.Release|Any CPU.Build.0 = Release|Any CPU
		{36073E9F-1BFD-4810-B2BF-60626766302D}.Debug|Any CPU.ActiveCfg = Debug|Any CPU
		{36073E9F-1BFD-4810-B2BF-60626766302D}.Debug|Any CPU.Build.0 = Debug|Any CPU
		{36073E9F-1BFD-4810-B2BF-60626766302D}.Release|Any CPU.ActiveCfg = Release|Any CPU
		{36073E9F-1BFD-4810-B2BF-60626766302D}.Release|Any CPU.Build.0 = Release|Any CPU
		{831A6AB5-46C7-4D12-8088-143855E0A68A}.Debug|Any CPU.ActiveCfg = Debug|Any CPU
		{831A6AB5-46C7-4D12-8088-143855E0A68A}.Debug|Any CPU.Build.0 = Debug|Any CPU
		{831A6AB5-46C7-4D12-8088-143855E0A68A}.Release|Any CPU.ActiveCfg = Release|Any CPU
		{831A6AB5-46C7-4D12-8088-143855E0A68A}.Release|Any CPU.Build.0 = Release|Any CPU
		{1544FCAD-F136-4730-A995-1151346A01C8}.Debug|Any CPU.ActiveCfg = Debug|Any CPU
		{1544FCAD-F136-4730-A995-1151346A01C8}.Debug|Any CPU.Build.0 = Debug|Any CPU
		{1544FCAD-F136-4730-A995-1151346A01C8}.Release|Any CPU.ActiveCfg = Release|Any CPU
		{1544FCAD-F136-4730-A995-1151346A01C8}.Release|Any CPU.Build.0 = Release|Any CPU
		{A7BAE62E-9F59-40BC-ADE3-4FE8FEA9B612}.Debug|Any CPU.ActiveCfg = Debug|Any CPU
		{A7BAE62E-9F59-40BC-ADE3-4FE8FEA9B612}.Debug|Any CPU.Build.0 = Debug|Any CPU
		{A7BAE62E-9F59-40BC-ADE3-4FE8FEA9B612}.Release|Any CPU.ActiveCfg = Release|Any CPU
		{A7BAE62E-9F59-40BC-ADE3-4FE8FEA9B612}.Release|Any CPU.Build.0 = Release|Any CPU
		{79079587-7CB2-4643-8527-99BAE37A0407}.Debug|Any CPU.ActiveCfg = Debug|Any CPU
		{79079587-7CB2-4643-8527-99BAE37A0407}.Debug|Any CPU.Build.0 = Debug|Any CPU
		{79079587-7CB2-4643-8527-99BAE37A0407}.Release|Any CPU.ActiveCfg = Release|Any CPU
		{79079587-7CB2-4643-8527-99BAE37A0407}.Release|Any CPU.Build.0 = Release|Any CPU
		{CDA23684-B7E0-4D56-BAFD-9CD5C999AEFB}.Debug|Any CPU.ActiveCfg = Debug|Any CPU
		{CDA23684-B7E0-4D56-BAFD-9CD5C999AEFB}.Debug|Any CPU.Build.0 = Debug|Any CPU
		{CDA23684-B7E0-4D56-BAFD-9CD5C999AEFB}.Release|Any CPU.ActiveCfg = Release|Any CPU
		{CDA23684-B7E0-4D56-BAFD-9CD5C999AEFB}.Release|Any CPU.Build.0 = Release|Any CPU
		{89CADFE7-06C2-4ED0-9976-AF2B1FA70F90}.Debug|Any CPU.ActiveCfg = Debug|Any CPU
		{89CADFE7-06C2-4ED0-9976-AF2B1FA70F90}.Debug|Any CPU.Build.0 = Debug|Any CPU
		{89CADFE7-06C2-4ED0-9976-AF2B1FA70F90}.Release|Any CPU.ActiveCfg = Release|Any CPU
		{89CADFE7-06C2-4ED0-9976-AF2B1FA70F90}.Release|Any CPU.Build.0 = Release|Any CPU
		{5B02A2F6-BC0B-4EBE-A51A-A64846E79B56}.Debug|Any CPU.ActiveCfg = Debug|Any CPU
		{5B02A2F6-BC0B-4EBE-A51A-A64846E79B56}.Debug|Any CPU.Build.0 = Debug|Any CPU
		{5B02A2F6-BC0B-4EBE-A51A-A64846E79B56}.Release|Any CPU.ActiveCfg = Release|Any CPU
		{5B02A2F6-BC0B-4EBE-A51A-A64846E79B56}.Release|Any CPU.Build.0 = Release|Any CPU
		{917767A9-7720-408F-B80C-1108EBDFEB85}.Debug|Any CPU.ActiveCfg = Debug|Any CPU
		{917767A9-7720-408F-B80C-1108EBDFEB85}.Debug|Any CPU.Build.0 = Debug|Any CPU
		{917767A9-7720-408F-B80C-1108EBDFEB85}.Release|Any CPU.ActiveCfg = Release|Any CPU
		{917767A9-7720-408F-B80C-1108EBDFEB85}.Release|Any CPU.Build.0 = Release|Any CPU
		{48A98BD6-FC22-4A3D-A322-674C05BB2546}.Debug|Any CPU.ActiveCfg = Debug|Any CPU
		{48A98BD6-FC22-4A3D-A322-674C05BB2546}.Debug|Any CPU.Build.0 = Debug|Any CPU
		{48A98BD6-FC22-4A3D-A322-674C05BB2546}.Release|Any CPU.ActiveCfg = Release|Any CPU
		{48A98BD6-FC22-4A3D-A322-674C05BB2546}.Release|Any CPU.Build.0 = Release|Any CPU
		{9E920CF0-87B0-4E87-BCBA-8F1A4CCFACCF}.Debug|Any CPU.ActiveCfg = Debug|Any CPU
		{9E920CF0-87B0-4E87-BCBA-8F1A4CCFACCF}.Debug|Any CPU.Build.0 = Debug|Any CPU
		{9E920CF0-87B0-4E87-BCBA-8F1A4CCFACCF}.Release|Any CPU.ActiveCfg = Release|Any CPU
		{9E920CF0-87B0-4E87-BCBA-8F1A4CCFACCF}.Release|Any CPU.Build.0 = Release|Any CPU
		{D39C3CAA-F247-4A96-890C-E3275296C63E}.Debug|Any CPU.ActiveCfg = Debug|Any CPU
		{D39C3CAA-F247-4A96-890C-E3275296C63E}.Debug|Any CPU.Build.0 = Debug|Any CPU
		{D39C3CAA-F247-4A96-890C-E3275296C63E}.Release|Any CPU.ActiveCfg = Release|Any CPU
		{D39C3CAA-F247-4A96-890C-E3275296C63E}.Release|Any CPU.Build.0 = Release|Any CPU
		{50D00C0B-A373-4D34-992F-632EE3C75AFE}.Debug|Any CPU.ActiveCfg = Debug|Any CPU
		{50D00C0B-A373-4D34-992F-632EE3C75AFE}.Debug|Any CPU.Build.0 = Debug|Any CPU
		{50D00C0B-A373-4D34-992F-632EE3C75AFE}.Release|Any CPU.ActiveCfg = Release|Any CPU
		{50D00C0B-A373-4D34-992F-632EE3C75AFE}.Release|Any CPU.Build.0 = Release|Any CPU
		{EF3CC4E8-6C9D-4173-BCCE-C6947180D27D}.Debug|Any CPU.ActiveCfg = Debug|Any CPU
		{EF3CC4E8-6C9D-4173-BCCE-C6947180D27D}.Debug|Any CPU.Build.0 = Debug|Any CPU
		{EF3CC4E8-6C9D-4173-BCCE-C6947180D27D}.Release|Any CPU.ActiveCfg = Release|Any CPU
		{EF3CC4E8-6C9D-4173-BCCE-C6947180D27D}.Release|Any CPU.Build.0 = Release|Any CPU
		{93AF2519-8F32-4A15-A430-A979A8E0E046}.Debug|Any CPU.ActiveCfg = Debug|Any CPU
		{93AF2519-8F32-4A15-A430-A979A8E0E046}.Debug|Any CPU.Build.0 = Debug|Any CPU
		{93AF2519-8F32-4A15-A430-A979A8E0E046}.Release|Any CPU.ActiveCfg = Release|Any CPU
		{93AF2519-8F32-4A15-A430-A979A8E0E046}.Release|Any CPU.Build.0 = Release|Any CPU
		{7F7EB567-C2BB-42D0-8146-0A9609EA3A82}.Debug|Any CPU.ActiveCfg = Debug|Any CPU
		{7F7EB567-C2BB-42D0-8146-0A9609EA3A82}.Debug|Any CPU.Build.0 = Debug|Any CPU
		{7F7EB567-C2BB-42D0-8146-0A9609EA3A82}.Release|Any CPU.ActiveCfg = Release|Any CPU
		{7F7EB567-C2BB-42D0-8146-0A9609EA3A82}.Release|Any CPU.Build.0 = Release|Any CPU
		{4E0050DA-7C6E-4A27-A6EA-F0C349D6DFA8}.Debug|Any CPU.ActiveCfg = Debug|Any CPU
		{4E0050DA-7C6E-4A27-A6EA-F0C349D6DFA8}.Debug|Any CPU.Build.0 = Debug|Any CPU
		{4E0050DA-7C6E-4A27-A6EA-F0C349D6DFA8}.Release|Any CPU.ActiveCfg = Release|Any CPU
		{4E0050DA-7C6E-4A27-A6EA-F0C349D6DFA8}.Release|Any CPU.Build.0 = Release|Any CPU
		{78842459-2D95-41F8-AEC7-97D1D65604E1}.Debug|Any CPU.ActiveCfg = Debug|Any CPU
		{78842459-2D95-41F8-AEC7-97D1D65604E1}.Debug|Any CPU.Build.0 = Debug|Any CPU
		{78842459-2D95-41F8-AEC7-97D1D65604E1}.Release|Any CPU.ActiveCfg = Release|Any CPU
		{78842459-2D95-41F8-AEC7-97D1D65604E1}.Release|Any CPU.Build.0 = Release|Any CPU
		{7C2E92FB-0939-487B-8100-228377453EBB}.Debug|Any CPU.ActiveCfg = Debug|Any CPU
		{7C2E92FB-0939-487B-8100-228377453EBB}.Debug|Any CPU.Build.0 = Debug|Any CPU
		{7C2E92FB-0939-487B-8100-228377453EBB}.Release|Any CPU.ActiveCfg = Release|Any CPU
		{7C2E92FB-0939-487B-8100-228377453EBB}.Release|Any CPU.Build.0 = Release|Any CPU
		{002C88ED-5512-4AAB-AF32-B5F70C1A6D20}.Debug|Any CPU.ActiveCfg = Debug|Any CPU
		{002C88ED-5512-4AAB-AF32-B5F70C1A6D20}.Debug|Any CPU.Build.0 = Debug|Any CPU
		{002C88ED-5512-4AAB-AF32-B5F70C1A6D20}.Release|Any CPU.ActiveCfg = Release|Any CPU
		{002C88ED-5512-4AAB-AF32-B5F70C1A6D20}.Release|Any CPU.Build.0 = Release|Any CPU
		{F75A9C45-851D-4DD5-AF12-28848544A751}.Debug|Any CPU.ActiveCfg = Debug|Any CPU
		{F75A9C45-851D-4DD5-AF12-28848544A751}.Debug|Any CPU.Build.0 = Debug|Any CPU
		{F75A9C45-851D-4DD5-AF12-28848544A751}.Release|Any CPU.ActiveCfg = Release|Any CPU
		{F75A9C45-851D-4DD5-AF12-28848544A751}.Release|Any CPU.Build.0 = Release|Any CPU
	EndGlobalSection
	GlobalSection(SolutionProperties) = preSolution
		HideSolutionNode = FALSE
	EndGlobalSection
	GlobalSection(NestedProjects) = preSolution
		{87113FB0-9BCB-44EF-A013-C0DC63D332FD} = {BF18F808-00E0-4C9D-B24D-BEF02702E199}
		{79536F7E-BD2B-42C0-A26F-05F391D7D344} = {BF18F808-00E0-4C9D-B24D-BEF02702E199}
		{36073E9F-1BFD-4810-B2BF-60626766302D} = {BF18F808-00E0-4C9D-B24D-BEF02702E199}
		{831A6AB5-46C7-4D12-8088-143855E0A68A} = {BF18F808-00E0-4C9D-B24D-BEF02702E199}
		{002C88ED-5512-4AAB-AF32-B5F70C1A6D20} = {BF18F808-00E0-4C9D-B24D-BEF02702E199}
		{1544FCAD-F136-4730-A995-1151346A01C8} = {6671105D-E43C-48C5-A673-B3AAFA058B84}
		{A7BAE62E-9F59-40BC-ADE3-4FE8FEA9B612} = {6671105D-E43C-48C5-A673-B3AAFA058B84}
		{79079587-7CB2-4643-8527-99BAE37A0407} = {6671105D-E43C-48C5-A673-B3AAFA058B84}
		{CDA23684-B7E0-4D56-BAFD-9CD5C999AEFB} = {6671105D-E43C-48C5-A673-B3AAFA058B84}
		{89CADFE7-06C2-4ED0-9976-AF2B1FA70F90} = {6671105D-E43C-48C5-A673-B3AAFA058B84}
		{5B02A2F6-BC0B-4EBE-A51A-A64846E79B56} = {6671105D-E43C-48C5-A673-B3AAFA058B84}
		{F75A9C45-851D-4DD5-AF12-28848544A751} = {6671105D-E43C-48C5-A673-B3AAFA058B84}
		{917767A9-7720-408F-B80C-1108EBDFEB85} = {5AB93D98-B828-4EB2-B58E-9C5265C4D8D6}
		{48A98BD6-FC22-4A3D-A322-674C05BB2546} = {5AB93D98-B828-4EB2-B58E-9C5265C4D8D6}
		{9E920CF0-87B0-4E87-BCBA-8F1A4CCFACCF} = {5AB93D98-B828-4EB2-B58E-9C5265C4D8D6}
		{D39C3CAA-F247-4A96-890C-E3275296C63E} = {5AB93D98-B828-4EB2-B58E-9C5265C4D8D6}
		{50D00C0B-A373-4D34-992F-632EE3C75AFE} = {5AB93D98-B828-4EB2-B58E-9C5265C4D8D6}
		{EF3CC4E8-6C9D-4173-BCCE-C6947180D27D} = {5AB93D98-B828-4EB2-B58E-9C5265C4D8D6}
		{93AF2519-8F32-4A15-A430-A979A8E0E046} = {5AB93D98-B828-4EB2-B58E-9C5265C4D8D6}
		{7F7EB567-C2BB-42D0-8146-0A9609EA3A82} = {5AB93D98-B828-4EB2-B58E-9C5265C4D8D6}
		{4E0050DA-7C6E-4A27-A6EA-F0C349D6DFA8} = {5AB93D98-B828-4EB2-B58E-9C5265C4D8D6}
		{78842459-2D95-41F8-AEC7-97D1D65604E1} = {5AB93D98-B828-4EB2-B58E-9C5265C4D8D6}
		{7C2E92FB-0939-487B-8100-228377453EBB} = {5AB93D98-B828-4EB2-B58E-9C5265C4D8D6}
	EndGlobalSection
EndGlobal
